
Microsoft Visual Studio Solution File, Format Version 12.00
# Visual Studio 14
VisualStudioVersion = 14.0.24720.0
MinimumVisualStudioVersion = 10.0.40219.1
Project("{8BB2217D-0F2D-49D1-97BC-3654ED321F3B}") = "Bernie.Tests", "Bernie.Tests\Bernie.Tests.xproj", "{0C67260F-89D8-4B22-B852-C932F6E44F74}"
EndProject
Project("{8BB2217D-0F2D-49D1-97BC-3654ED321F3B}") = "Bernie.Server", "Bernie.Server\Bernie.Server.xproj", "{8A5A4EFE-1401-45F2-9A6E-FB8C2D5AFC40}"
EndProject
Global
	GlobalSection(SolutionConfigurationPlatforms) = preSolution
		Debug|Any CPU = Debug|Any CPU
		Release|Any CPU = Release|Any CPU
	EndGlobalSection
	GlobalSection(ProjectConfigurationPlatforms) = postSolution
		{0C67260F-89D8-4B22-B852-C932F6E44F74}.Debug|Any CPU.ActiveCfg = Debug|Any CPU
		{0C67260F-89D8-4B22-B852-C932F6E44F74}.Debug|Any CPU.Build.0 = Debug|Any CPU
		{0C67260F-89D8-4B22-B852-C932F6E44F74}.Release|Any CPU.ActiveCfg = Release|Any CPU
		{0C67260F-89D8-4B22-B852-C932F6E44F74}.Release|Any CPU.Build.0 = Release|Any CPU
		{8A5A4EFE-1401-45F2-9A6E-FB8C2D5AFC40}.Debug|Any CPU.ActiveCfg = Debug|Any CPU
		{8A5A4EFE-1401-45F2-9A6E-FB8C2D5AFC40}.Debug|Any CPU.Build.0 = Debug|Any CPU
		{8A5A4EFE-1401-45F2-9A6E-FB8C2D5AFC40}.Release|Any CPU.ActiveCfg = Release|Any CPU
		{8A5A4EFE-1401-45F2-9A6E-FB8C2D5AFC40}.Release|Any CPU.Build.0 = Release|Any CPU
	EndGlobalSection
	GlobalSection(SolutionProperties) = preSolution
		HideSolutionNode = FALSE
	EndGlobalSection
EndGlobal
